Microsoft Visual Studio Solution File, Format Version 12.00
# Visual Studio 2012
Project("{FAE04EC0-301F-11D3-BF4B-00C04F79EFBC}") = "Gutter Cross", "Gutter Cross.csproj", "{FB503960-CC84-4403-8C88-6AE97534A387}"
EndProject
Global
	GlobalSection(SolutionConfigurationPlatforms) = preSolution
	Debug|Any CPU = Debug|Any CPU
	Release|Any CPU = Release|Any CPU
	Tools|Any CPU = Tools|Any CPU
	EndGlobalSection
	GlobalSection(ProjectConfigurationPlatforms) = postSolution
		{FB503960-CC84-4403-8C88-6AE97534A387}.Debug|Any CPU.ActiveCfg = Debug|Any CPU
		{FB503960-CC84-4403-8C88-6AE97534A387}.Debug|Any CPU.Build.0 = Debug|Any CPU
		{FB503960-CC84-4403-8C88-6AE97534A387}.Release|Any CPU.ActiveCfg = Release|Any CPU
		{FB503960-CC84-4403-8C88-6AE97534A387}.Release|Any CPU.Build.0 = Release|Any CPU
		{FB503960-CC84-4403-8C88-6AE97534A387}.Tools|Any CPU.ActiveCfg = Tools|Any CPU
		{FB503960-CC84-4403-8C88-6AE97534A387}.Tools|Any CPU.Build.0 = Tools|Any CPU
	EndGlobalSection
EndGlobal
